# generated by rye
# use `rye lock` or `rye sync` to update this lockfile
#
# last locked with the following flags:
#   pre: false
#   features: []
#   all-features: false
#   with-sources: false
#   generate-hashes: false
#   universal: false

-e file:.
black==24.8.0
    # via shapez2-automation
click==8.1.7
    # via black
execnet==2.1.1
    # via pytest-xdist
iniconfig==2.0.0
    # via pytest
mypy==1.11.2
    # via shapez2-automation
mypy-extensions==1.0.0
    # via black
    # via mypy
packaging==24.1
    # via black
    # via pytest
pathspec==0.12.1
    # via black
platformdirs==4.3.6
    # via black
pluggy==1.5.0
    # via pytest
pytest==8.3.3
    # via pytest-xdist
    # via shapez2-automation
pytest-xdist==3.6.1
    # via shapez2-automation
typing-extensions==4.12.2
    # via mypy
